
Microsoft Visual Studio Solution File, Format Version 12.00
# Visual Studio Version 16
VisualStudioVersion = 25.0.1706.9
MinimumVisualStudioVersion = 10.0.40219.1
Project("{FAE04EC0-301F-11D3-BF4B-00C04F79EFBC}") = "BA_GPS.Domain", "BA_GPS.Domain\BA_GPS.Domain.csproj", "{23156F46-009F-48FE-AB34-05ECE9713468}"
EndProject
Project("{FAE04EC0-301F-11D3-BF4B-00C04F79EFBC}") = "BA_GPS.Infrastructure", "BA_GPS.Infrastructure\BA_GPS.Infrastructure.csproj", "{6D7ADF14-AC3C-46CE-9196-39C4E496B812}"
EndProject
Project("{FAE04EC0-301F-11D3-BF4B-00C04F79EFBC}") = "BA_GPS.API", "BA_GPS.API\BA_GPS.API.csproj", "{F20FC56A-55E3-44A9-B159-824CB581D825}"
EndProject
Project("{FAE04EC0-301F-11D3-BF4B-00C04F79EFBC}") = "BA_GPS.Common", "BA_GPS.Common\BA_GPS.Common.csproj", "{234FE84E-3A56-47E3-829C-5CBA214F9E96}"
EndProject
Project("{FAE04EC0-301F-11D3-BF4B-00C04F79EFBC}") = "BA_GPS.Application", "BA_GPS.Application\BA_GPS.Application.csproj", "{C8C4AF8A-28CA-45A1-8BCD-E5C8421A00CA}"
EndProject
Global
	GlobalSection(SolutionConfigurationPlatforms) = preSolution
		Debug|Any CPU = Debug|Any CPU
		Release|Any CPU = Release|Any CPU
	EndGlobalSection
	GlobalSection(ProjectConfigurationPlatforms) = postSolution
		{23156F46-009F-48FE-AB34-05ECE9713468}.Debug|Any CPU.ActiveCfg = Debug|Any CPU
		{23156F46-009F-48FE-AB34-05ECE9713468}.Debug|Any CPU.Build.0 = Debug|Any CPU
		{23156F46-009F-48FE-AB34-05ECE9713468}.Release|Any CPU.ActiveCfg = Release|Any CPU
		{23156F46-009F-48FE-AB34-05ECE9713468}.Release|Any CPU.Build.0 = Release|Any CPU
		{6D7ADF14-AC3C-46CE-9196-39C4E496B812}.Debug|Any CPU.ActiveCfg = Debug|Any CPU
		{6D7ADF14-AC3C-46CE-9196-39C4E496B812}.Debug|Any CPU.Build.0 = Debug|Any CPU
		{6D7ADF14-AC3C-46CE-9196-39C4E496B812}.Release|Any CPU.ActiveCfg = Release|Any CPU
		{6D7ADF14-AC3C-46CE-9196-39C4E496B812}.Release|Any CPU.Build.0 = Release|Any CPU
		{F20FC56A-55E3-44A9-B159-824CB581D825}.Debug|Any CPU.ActiveCfg = Debug|Any CPU
		{F20FC56A-55E3-44A9-B159-824CB581D825}.Debug|Any CPU.Build.0 = Debug|Any CPU
		{F20FC56A-55E3-44A9-B159-824CB581D825}.Release|Any CPU.ActiveCfg = Release|Any CPU
		{F20FC56A-55E3-44A9-B159-824CB581D825}.Release|Any CPU.Build.0 = Release|Any CPU
		{234FE84E-3A56-47E3-829C-5CBA214F9E96}.Debug|Any CPU.ActiveCfg = Debug|Any CPU
		{234FE84E-3A56-47E3-829C-5CBA214F9E96}.Debug|Any CPU.Build.0 = Debug|Any CPU
		{234FE84E-3A56-47E3-829C-5CBA214F9E96}.Release|Any CPU.ActiveCfg = Release|Any CPU
		{234FE84E-3A56-47E3-829C-5CBA214F9E96}.Release|Any CPU.Build.0 = Release|Any CPU
		{C8C4AF8A-28CA-45A1-8BCD-E5C8421A00CA}.Debug|Any CPU.ActiveCfg = Debug|Any CPU
		{C8C4AF8A-28CA-45A1-8BCD-E5C8421A00CA}.Debug|Any CPU.Build.0 = Debug|Any CPU
		{C8C4AF8A-28CA-45A1-8BCD-E5C8421A00CA}.Release|Any CPU.ActiveCfg = Release|Any CPU
		{C8C4AF8A-28CA-45A1-8BCD-E5C8421A00CA}.Release|Any CPU.Build.0 = Release|Any CPU
	EndGlobalSection
	GlobalSection(SolutionProperties) = preSolution
		HideSolutionNode = FALSE
	EndGlobalSection
	GlobalSection(ExtensibilityGlobals) = postSolution
		SolutionGuid = {FDF8F9F8-D0F4-419D-999A-C76ECDA8B855}
	EndGlobalSection
EndGlobal
